
Microsoft Visual Studio Solution File, Format Version 12.00
# Visual Studio Version 16
VisualStudioVersion = 16.0.29123.88
MinimumVisualStudioVersion = 10.0.40219.1
Project("{8BC9CEB8-8B4A-11D0-8D11-00A0C91BC942}") = "OAiP_1", "Lab1\Lab1.vcxproj", "{51474210-7355-4262-8035-B0B06C1AFF80}"
EndProject
Project("{8BC9CEB8-8B4A-11D0-8D11-00A0C91BC942}") = "OAiP_2", "OAiP_2\OAiP_2.vcxproj", "{53122DB5-B29D-4FEB-8303-9E89FF41C504}"
EndProject
Project("{8BC9CEB8-8B4A-11D0-8D11-00A0C91BC942}") = "OAiP_3", "OAiP_3\OAiP_3.vcxproj", "{4A1216DE-9DA4-4ED2-A5E8-C90B04C216D2}"
EndProject
Project("{8BC9CEB8-8B4A-11D0-8D11-00A0C91BC942}") = "OAiP_4", "OAiP_4\OAiP_4.vcxproj", "{90A365F9-84CD-4D6D-B469-C2B98C9E0FA2}"
EndProject
Project("{8BC9CEB8-8B4A-11D0-8D11-00A0C91BC942}") = "OAiP_6", "OAiP_6\OAiP_6.vcxproj", "{E9B650B6-5D8B-4C3F-A2A7-E3FAC9546B9F}"
EndProject
Project("{8BC9CEB8-8B4A-11D0-8D11-00A0C91BC942}") = "ConsoleApplication2", "ConsoleApplication2\ConsoleApplication2.vcxproj", "{112164E4-D92E-4876-84BA-095CD94D5E95}"
EndProject
Project("{8BC9CEB8-8B4A-11D0-8D11-00A0C91BC942}") = "OAiP_8", "OAiP_8\OAiP_8.vcxproj", "{C15283D2-1348-4E41-B408-65146321419A}"
EndProject
Project("{8BC9CEB8-8B4A-11D0-8D11-00A0C91BC942}") = "OAiP_7", "OAiP_7\OAiP_7.vcxproj", "{E991BCD5-0796-4A6A-A1CE-2D708195EC93}"
EndProject
Project("{8BC9CEB8-8B4A-11D0-8D11-00A0C91BC942}") = "OAiP_5", "OAiP_5\OAiP_5.vcxproj", "{50527B17-A08B-4EE9-9811-7CB20A4B55FA}"
EndProject
Project("{8BC9CEB8-8B4A-11D0-8D11-00A0C91BC942}") = "OAiP_7.3", "OAiP_7.3\OAiP_7.3.vcxproj", "{FE719170-0A61-4CE3-A089-1DE8B5A07E8A}"
EndProject
Project("{8BC9CEB8-8B4A-11D0-8D11-00A0C91BC942}") = "tstng", "tstng\tstng.vcxproj", "{8B974887-7C5C-4108-B425-85003E784A31}"
EndProject
Global
	GlobalSection(SolutionConfigurationPlatforms) = preSolution
		Debug|x64 = Debug|x64
		Debug|x86 = Debug|x86
		Release|x64 = Release|x64
		Release|x86 = Release|x86
	EndGlobalSection
	GlobalSection(ProjectConfigurationPlatforms) = postSolution
		{51474210-7355-4262-8035-B0B06C1AFF80}.Debug|x64.ActiveCfg = Debug|x64
		{51474210-7355-4262-8035-B0B06C1AFF80}.Debug|x64.Build.0 = Debug|x64
		{51474210-7355-4262-8035-B0B06C1AFF80}.Debug|x86.ActiveCfg = Debug|Win32
		{51474210-7355-4262-8035-B0B06C1AFF80}.Debug|x86.Build.0 = Debug|Win32
		{51474210-7355-4262-8035-B0B06C1AFF80}.Release|x64.ActiveCfg = Release|x64
		{51474210-7355-4262-8035-B0B06C1AFF80}.Release|x64.Build.0 = Release|x64
		{51474210-7355-4262-8035-B0B06C1AFF80}.Release|x86.ActiveCfg = Release|Win32
		{51474210-7355-4262-8035-B0B06C1AFF80}.Release|x86.Build.0 = Release|Win32
		{53122DB5-B29D-4FEB-8303-9E89FF41C504}.Debug|x64.ActiveCfg = Debug|x64
		{53122DB5-B29D-4FEB-8303-9E89FF41C504}.Debug|x64.Build.0 = Debug|x64
		{53122DB5-B29D-4FEB-8303-9E89FF41C504}.Debug|x86.ActiveCfg = Debug|Win32
		{53122DB5-B29D-4FEB-8303-9E89FF41C504}.Debug|x86.Build.0 = Debug|Win32
		{53122DB5-B29D-4FEB-8303-9E89FF41C504}.Release|x64.ActiveCfg = Release|x64
		{53122DB5-B29D-4FEB-8303-9E89FF41C504}.Release|x64.Build.0 = Release|x64
		{53122DB5-B29D-4FEB-8303-9E89FF41C504}.Release|x86.ActiveCfg = Release|Win32
		{53122DB5-B29D-4FEB-8303-9E89FF41C504}.Release|x86.Build.0 = Release|Win32
		{4A1216DE-9DA4-4ED2-A5E8-C90B04C216D2}.Debug|x64.ActiveCfg = Debug|x64
		{4A1216DE-9DA4-4ED2-A5E8-C90B04C216D2}.Debug|x64.Build.0 = Debug|x64
		{4A1216DE-9DA4-4ED2-A5E8-C90B04C216D2}.Debug|x86.ActiveCfg = Debug|Win32
		{4A1216DE-9DA4-4ED2-A5E8-C90B04C216D2}.Debug|x86.Build.0 = Debug|Win32
		{4A1216DE-9DA4-4ED2-A5E8-C90B04C216D2}.Release|x64.ActiveCfg = Release|x64
		{4A1216DE-9DA4-4ED2-A5E8-C90B04C216D2}.Release|x64.Build.0 = Release|x64
		{4A1216DE-9DA4-4ED2-A5E8-C90B04C216D2}.Release|x86.ActiveCfg = Release|Win32
		{4A1216DE-9DA4-4ED2-A5E8-C90B04C216D2}.Release|x86.Build.0 = Release|Win32
		{90A365F9-84CD-4D6D-B469-C2B98C9E0FA2}.Debug|x64.ActiveCfg = Debug|x64
		{90A365F9-84CD-4D6D-B469-C2B98C9E0FA2}.Debug|x64.Build.0 = Debug|x64
		{90A365F9-84CD-4D6D-B469-C2B98C9E0FA2}.Debug|x86.ActiveCfg = Debug|Win32
		{90A365F9-84CD-4D6D-B469-C2B98C9E0FA2}.Debug|x86.Build.0 = Debug|Win32
		{90A365F9-84CD-4D6D-B469-C2B98C9E0FA2}.Release|x64.ActiveCfg = Release|x64
		{90A365F9-84CD-4D6D-B469-C2B98C9E0FA2}.Release|x64.Build.0 = Release|x64
		{90A365F9-84CD-4D6D-B469-C2B98C9E0FA2}.Release|x86.ActiveCfg = Release|Win32
		{90A365F9-84CD-4D6D-B469-C2B98C9E0FA2}.Release|x86.Build.0 = Release|Win32
		{E9B650B6-5D8B-4C3F-A2A7-E3FAC9546B9F}.Debug|x64.ActiveCfg = Debug|x64
		{E9B650B6-5D8B-4C3F-A2A7-E3FAC9546B9F}.Debug|x64.Build.0 = Debug|x64
		{E9B650B6-5D8B-4C3F-A2A7-E3FAC9546B9F}.Debug|x86.ActiveCfg = Debug|Win32
		{E9B650B6-5D8B-4C3F-A2A7-E3FAC9546B9F}.Debug|x86.Build.0 = Debug|Win32
		{E9B650B6-5D8B-4C3F-A2A7-E3FAC9546B9F}.Release|x64.ActiveCfg = Release|x64
		{E9B650B6-5D8B-4C3F-A2A7-E3FAC9546B9F}.Release|x64.Build.0 = Release|x64
		{E9B650B6-5D8B-4C3F-A2A7-E3FAC9546B9F}.Release|x86.ActiveCfg = Release|Win32
		{E9B650B6-5D8B-4C3F-A2A7-E3FAC9546B9F}.Release|x86.Build.0 = Release|Win32
		{112164E4-D92E-4876-84BA-095CD94D5E95}.Debug|x64.ActiveCfg = Debug|x64
		{112164E4-D92E-4876-84BA-095CD94D5E95}.Debug|x64.Build.0 = Debug|x64
		{112164E4-D92E-4876-84BA-095CD94D5E95}.Debug|x86.ActiveCfg = Debug|Win32
		{112164E4-D92E-4876-84BA-095CD94D5E95}.Debug|x86.Build.0 = Debug|Win32
		{112164E4-D92E-4876-84BA-095CD94D5E95}.Release|x64.ActiveCfg = Release|x64
		{112164E4-D92E-4876-84BA-095CD94D5E95}.Release|x64.Build.0 = Release|x64
		{112164E4-D92E-4876-84BA-095CD94D5E95}.Release|x86.ActiveCfg = Release|Win32
		{112164E4-D92E-4876-84BA-095CD94D5E95}.Release|x86.Build.0 = Release|Win32
		{C15283D2-1348-4E41-B408-65146321419A}.Debug|x64.ActiveCfg = Debug|x64
		{C15283D2-1348-4E41-B408-65146321419A}.Debug|x64.Build.0 = Debug|x64
		{C15283D2-1348-4E41-B408-65146321419A}.Debug|x86.ActiveCfg = Debug|Win32
		{C15283D2-1348-4E41-B408-65146321419A}.Debug|x86.Build.0 = Debug|Win32
		{C15283D2-1348-4E41-B408-65146321419A}.Release|x64.ActiveCfg = Release|x64
		{C15283D2-1348-4E41-B408-65146321419A}.Release|x64.Build.0 = Release|x64
		{C15283D2-1348-4E41-B408-65146321419A}.Release|x86.ActiveCfg = Release|Win32
		{C15283D2-1348-4E41-B408-65146321419A}.Release|x86.Build.0 = Release|Win32
		{E991BCD5-0796-4A6A-A1CE-2D708195EC93}.Debug|x64.ActiveCfg = Debug|x64
		{E991BCD5-0796-4A6A-A1CE-2D708195EC93}.Debug|x64.Build.0 = Debug|x64
		{E991BCD5-0796-4A6A-A1CE-2D708195EC93}.Debug|x86.ActiveCfg = Debug|Win32
		{E991BCD5-0796-4A6A-A1CE-2D708195EC93}.Debug|x86.Build.0 = Debug|Win32
		{E991BCD5-0796-4A6A-A1CE-2D708195EC93}.Release|x64.ActiveCfg = Release|x64
		{E991BCD5-0796-4A6A-A1CE-2D708195EC93}.Release|x64.Build.0 = Release|x64
		{E991BCD5-0796-4A6A-A1CE-2D708195EC93}.Release|x86.ActiveCfg = Release|Win32
		{E991BCD5-0796-4A6A-A1CE-2D708195EC93}.Release|x86.Build.0 = Release|Win32
		{50527B17-A08B-4EE9-9811-7CB20A4B55FA}.Debug|x64.ActiveCfg = Debug|x64
		{50527B17-A08B-4EE9-9811-7CB20A4B55FA}.Debug|x64.Build.0 = Debug|x64
		{50527B17-A08B-4EE9-9811-7CB20A4B55FA}.Debug|x86.ActiveCfg = Debug|Win32
		{50527B17-A08B-4EE9-9811-7CB20A4B55FA}.Debug|x86.Build.0 = Debug|Win32
		{50527B17-A08B-4EE9-9811-7CB20A4B55FA}.Release|x64.ActiveCfg = Release|x64
		{50527B17-A08B-4EE9-9811-7CB20A4B55FA}.Release|x64.Build.0 = Release|x64
		{50527B17-A08B-4EE9-9811-7CB20A4B55FA}.Release|x86.ActiveCfg = Release|Win32
		{50527B17-A08B-4EE9-9811-7CB20A4B55FA}.Release|x86.Build.0 = Release|Win32
		{FE719170-0A61-4CE3-A089-1DE8B5A07E8A}.Debug|x64.ActiveCfg = Debug|x64
		{FE719170-0A61-4CE3-A089-1DE8B5A07E8A}.Debug|x64.Build.0 = Debug|x64
		{FE719170-0A61-4CE3-A089-1DE8B5A07E8A}.Debug|x86.ActiveCfg = Debug|Win32
		{FE719170-0A61-4CE3-A089-1DE8B5A07E8A}.Debug|x86.Build.0 = Debug|Win32
		{FE719170-0A61-4CE3-A089-1DE8B5A07E8A}.Release|x64.ActiveCfg = Release|x64
		{FE719170-0A61-4CE3-A089-1DE8B5A07E8A}.Release|x64.Build.0 = Release|x64
		{FE719170-0A61-4CE3-A089-1DE8B5A07E8A}.Release|x86.ActiveCfg = Release|Win32
		{FE719170-0A61-4CE3-A089-1DE8B5A07E8A}.Release|x86.Build.0 = Release|Win32
		{8B974887-7C5C-4108-B425-85003E784A31}.Debug|x64.ActiveCfg = Debug|x64
		{8B974887-7C5C-4108-B425-85003E784A31}.Debug|x64.Build.0 = Debug|x64
		{8B974887-7C5C-4108-B425-85003E784A31}.Debug|x86.ActiveCfg = Debug|Win32
		{8B974887-7C5C-4108-B425-85003E784A31}.Debug|x86.Build.0 = Debug|Win32
		{8B974887-7C5C-4108-B425-85003E784A31}.Release|x64.ActiveCfg = Release|x64
		{8B974887-7C5C-4108-B425-85003E784A31}.Release|x64.Build.0 = Release|x64
		{8B974887-7C5C-4108-B425-85003E784A31}.Release|x86.ActiveCfg = Release|Win32
		{8B974887-7C5C-4108-B425-85003E784A31}.Release|x86.Build.0 = Release|Win32
	EndGlobalSection
	GlobalSection(SolutionProperties) = preSolution
		HideSolutionNode = FALSE
	EndGlobalSection
	GlobalSection(ExtensibilityGlobals) = postSolution
		SolutionGuid = {8B85C715-7FFF-4779-99E4-87BE6629D94E}
	EndGlobalSection
EndGlobal
